
Microsoft Visual Studio Solution File, Format Version 12.00
# Visual Studio 2012
Project("{FAE04EC0-301F-11D3-BF4B-00C04F79EFBC}") = "WarmUp", "WarmUp\WarmUp.csproj", "{63F662E0-BC8B-4918-8364-27E5B38BFF6C}"
EndProject
Global
	GlobalSection(SolutionConfigurationPlatforms) = preSolution
		Debug|iPhoneSimulator = Debug|iPhoneSimulator
		Release|iPhoneSimulator = Release|iPhoneSimulator
		Debug|iPhone = Debug|iPhone
		Release|iPhone = Release|iPhone
		Ad-Hoc|iPhone = Ad-Hoc|iPhone
		AppStore|iPhone = AppStore|iPhone
	EndGlobalSection
	GlobalSection(ProjectConfigurationPlatforms) = postSolution
		{63F662E0-BC8B-4918-8364-27E5B38BFF6C}.Ad-Hoc|iPhone.ActiveCfg = Ad-Hoc|iPhone
		{63F662E0-BC8B-4918-8364-27E5B38BFF6C}.Ad-Hoc|iPhone.Build.0 = Ad-Hoc|iPhone
		{63F662E0-BC8B-4918-8364-27E5B38BFF6C}.AppStore|iPhone.ActiveCfg = AppStore|iPhone
		{63F662E0-BC8B-4918-8364-27E5B38BFF6C}.AppStore|iPhone.Build.0 = AppStore|iPhone
		{63F662E0-BC8B-4918-8364-27E5B38BFF6C}.Debug|iPhone.ActiveCfg = Debug|iPhone
		{63F662E0-BC8B-4918-8364-27E5B38BFF6C}.Debug|iPhone.Build.0 = Debug|iPhone
		{63F662E0-BC8B-4918-8364-27E5B38BFF6C}.Debug|iPhoneSimulator.ActiveCfg = Debug|iPhoneSimulator
		{63F662E0-BC8B-4918-8364-27E5B38BFF6C}.Debug|iPhoneSimulator.Build.0 = Debug|iPhoneSimulator
		{63F662E0-BC8B-4918-8364-27E5B38BFF6C}.Release|iPhone.ActiveCfg = Release|iPhone
		{63F662E0-BC8B-4918-8364-27E5B38BFF6C}.Release|iPhone.Build.0 = Release|iPhone
		{63F662E0-BC8B-4918-8364-27E5B38BFF6C}.Release|iPhoneSimulator.ActiveCfg = Release|iPhoneSimulator
		{63F662E0-BC8B-4918-8364-27E5B38BFF6C}.Release|iPhoneSimulator.Build.0 = Release|iPhoneSimulator
	EndGlobalSection
EndGlobal
